{
  "name": "fics",
  "version": "0.6.1",
  "dependencies": {
    "q": {
      "version": "1.2.0",
      "from": "q@1.2.0",
      "resolved": "https://registry.npmjs.org/q/-/q-1.2.0.tgz"
    },
    "underscore": {
      "version": "1.8.2",
      "from": "underscore@1.8.2",
      "resolved": "https://registry.npmjs.org/underscore/-/underscore-1.8.2.tgz"
    }
  }
}
